// !$*UTF8*$!
{
	archiveVersion = 1;
	classes = {
	};
	objectVersion = 46;
	objects = {

/* Begin PBXBuildFile section */
		ABB1EAC11F20503D00772B97 /* AppDelegate.swift in Sources */ = {isa = PBXBuildFile; fileRef = ABB1EAC01F20503D00772B97 /* AppDelegate.swift */; };
		ABB1EAC31F20503D00772B97 /* ViewController.swift in Sources */ = {isa = PBXBuildFile; fileRef = ABB1EAC21F20503D00772B97 /* ViewController.swift */; };
		ABB1EAC61F20503D00772B97 /* Main.storyboard in Resources */ = {isa = PBXBuildFile; fileRef = ABB1EAC41F20503D00772B97 /* Main.storyboard */; };
		ABB1EAC81F20503D00772B97 /* Assets.xcassets in Resources */ = {isa = PBXBuildFile; fileRef = ABB1EAC71F20503D00772B97 /* Assets.xcassets */; };
		ABB1EACB1F20503D00772B97 /* LaunchScreen.storyboard in Resources */ = {isa = PBXBuildFile; fileRef = ABB1EAC91F20503D00772B97 /* LaunchScreen.storyboard */; };
		ABB1EAD31F20528300772B97 /* AddMemoViewController.swift in Sources */ = {isa = PBXBuildFile; fileRef = ABB1EAD21F20528300772B97 /* AddMemoViewController.swift */; };
		ABB1EAD51F20537600772B97 /* DetailViewController.swift in Sources */ = {isa = PBXBuildFile; fileRef = ABB1EAD41F20537600772B97 /* DetailViewController.swift */; };
		ABB1EAD71F2075DC00772B97 /* KeyManager.swift in Sources */ = {isa = PBXBuildFile; fileRef = ABB1EAD61F2075DC00772B97 /* KeyManager.swift */; };
		E8835EAA8C44AFC986C0FA30 /* Pods_Memo.framework in Frameworks */ = {isa = PBXBuildFile; fileRef = 49FCDF1A4FA95910E425C693 /* Pods_Memo.framework */; };
/* End PBXBuildFile section */

/* Begin PBXFileReference section */
		278143BC09F5CA4B056781FC /* Pods-Memo.debug.xcconfig */ = {isa = PBXFileReference; includeInIndex = 1; lastKnownFileType = text.xcconfig; name = "Pods-Memo.debug.xcconfig"; path = "Pods/Target Support Files/Pods-Memo/Pods-Memo.debug.xcconfig"; sourceTree = "<group>"; };
		49FCDF1A4FA95910E425C693 /* Pods_Memo.framework */ = {isa = PBXFileReference; explicitFileType = wrapper.framework; includeInIndex = 0; path = Pods_Memo.framework; sourceTree = BUILT_PRODUCTS_DIR; };
		ABB1EABD1F20503D00772B97 /* Memo.app */ = {isa = PBXFileReference; explicitFileType = wrapper.application; includeInIndex = 0; path = Memo.app; sourceTree = BUILT_PRODUCTS_DIR; };
		ABB1EAC01F20503D00772B97 /* AppDelegate.swift */ = {isa = PBXFileReference; lastKnownFileType = sourcecode.swift; path = AppDelegate.swift; sourceTree = "<group>"; };
		ABB1EAC21F20503D00772B97 /* ViewController.swift */ = {isa = PBXFileReference; lastKnownFileType = sourcecode.swift; path = ViewController.swift; sourceTree = "<group>"; };
		ABB1EAC51F20503D00772B97 /* Base */ = {isa = PBXFileReference; lastKnownFileType = file.storyboard; name = Base; path = Base.lproj/Main.storyboard; sourceTree = "<group>"; };
		ABB1EAC71F20503D00772B97 /* Assets.xcassets */ = {isa = PBXFileReference; lastKnownFileType = folder.assetcatalog; path = Assets.xcassets; sourceTree = "<group>"; };
		ABB1EACA1F20503D00772B97 /* Base */ = {isa = PBXFileReference; lastKnownFileType = file.storyboard; name = Base; path = Base.lproj/LaunchScreen.storyboard; sourceTree = "<group>"; };
		ABB1EACC1F20503D00772B97 /* Info.plist */ = {isa = PBXFileReference; lastKnownFileType = text.plist.xml; path = Info.plist; sourceTree = "<group>"; };
		ABB1EAD21F20528300772B97 /* AddMemoViewController.swift */ = {isa = PBXFileReference; fileEncoding = 4; lastKnownFileType = sourcecode.swift; path = AddMemoViewController.swift; sourceTree = "<group>"; };
		ABB1EAD41F20537600772B97 /* DetailViewController.swift */ = {isa = PBXFileReference; fileEncoding = 4; lastKnownFileType = sourcecode.swift; name = DetailViewController.swift; path = ../DetailViewController.swift; sourceTree = "<group>"; };
		ABB1EAD61F2075DC00772B97 /* KeyManager.swift */ = {isa = PBXFileReference; fileEncoding = 4; lastKnownFileType = sourcecode.swift; path = KeyManager.swift; sourceTree = "<group>"; };
		E5843477DEAB20E8183E5211 /* Pods-Memo.release.xcconfig */ = {isa = PBXFileReference; includeInIndex = 1; lastKnownFileType = text.xcconfig; name = "Pods-Memo.release.xcconfig"; path = "Pods/Target Support Files/Pods-Memo/Pods-Memo.release.xcconfig"; sourceTree = "<group>"; };
/* End PBXFileReference section */

/* Begin PBXFrameworksBuildPhase section */
		ABB1EABA1F20503D00772B97 /* Frameworks */ = {
			isa = PBXFrameworksBuildPhase;
			buildActionMask = 2147483647;
			files = (
				E8835EAA8C44AFC986C0FA30 /* Pods_Memo.framework in Frameworks */,
			);
			runOnlyForDeploymentPostprocessing = 0;
		};
/* End PBXFrameworksBuildPhase section */

/* Begin PBXGroup section */
		1F910D02E93AE3CB68BAB91E /* Frameworks */ = {
			isa = PBXGroup;
			children = (
				49FCDF1A4FA95910E425C693 /* Pods_Memo.framework */,
			);
			name = Frameworks;
			sourceTree = "<group>";
		};
		40027DBDC7BCFD270D45EFFC /* Pods */ = {
			isa = PBXGroup;
			children = (
				278143BC09F5CA4B056781FC /* Pods-Memo.debug.xcconfig */,
				E5843477DEAB20E8183E5211 /* Pods-Memo.release.xcconfig */,
			);
			name = Pods;
			sourceTree = "<group>";
		};
		ABB1EAB41F20503D00772B97 = {
			isa = PBXGroup;
			children = (
				ABB1EABF1F20503D00772B97 /* Memo */,
				ABB1EABE1F20503D00772B97 /* Products */,
				40027DBDC7BCFD270D45EFFC /* Pods */,
				1F910D02E93AE3CB68BAB91E /* Frameworks */,
			);
			sourceTree = "<group>";
		};
		ABB1EABE1F20503D00772B97 /* Products */ = {
			isa = PBXGroup;
			children = (
				ABB1EABD1F20503D00772B97 /* Memo.app */,
			);
			name = Products;
			sourceTree = "<group>";
		};
		ABB1EABF1F20503D00772B97 /* Memo */ = {
			isa = PBXGroup;
			children = (
				ABB1EAC01F20503D00772B97 /* AppDelegate.swift */,
				ABB1EAD41F20537600772B97 /* DetailViewController.swift */,
				ABB1EAC21F20503D00772B97 /* ViewController.swift */,
				ABB1EAC41F20503D00772B97 /* Main.storyboard */,
				ABB1EAC71F20503D00772B97 /* Assets.xcassets */,
				ABB1EAC91F20503D00772B97 /* LaunchScreen.storyboard */,
				ABB1EACC1F20503D00772B97 /* Info.plist */,
				ABB1EAD21F20528300772B97 /* AddMemoViewController.swift */,
				ABB1EAD61F2075DC00772B97 /* KeyManager.swift */,
			);
			path = Memo;
			sourceTree = "<group>";
		};
/* End PBXGroup section */

/* Begin PBXNativeTarget section */
		ABB1EABC1F20503D00772B97 /* Memo */ = {
			isa = PBXNativeTarget;
			buildConfigurationList = ABB1EACF1F20503D00772B97 /* Build configuration list for PBXNativeTarget "Memo" */;
			buildPhases = (
				D650383E1F8E1AA9E8502561 /* [CP] Check Pods Manifest.lock */,
				ABB1EAB91F20503D00772B97 /* Sources */,
				ABB1EABA1F20503D00772B97 /* Frameworks */,
				ABB1EABB1F20503D00772B97 /* Resources */,
				E003211274C1FFE63A268A2C /* [CP] Embed Pods Frameworks */,
				C2058B2100997056333454C0 /* [CP] Copy Pods Resources */,
			);
			buildRules = (
			);
			dependencies = (
			);
			name = Memo;
			productName = Memo;
			productReference = ABB1EABD1F20503D00772B97 /* Memo.app */;
			productType = "com.apple.product-type.application";
		};
/* End PBXNativeTarget section */

/* Begin PBXProject section */
		ABB1EAB51F20503D00772B97 /* Project object */ = {
			isa = PBXProject;
			attributes = {
				LastSwiftUpdateCheck = 0830;
				LastUpgradeCheck = 0830;
				ORGANIZATIONNAME = nttr;
				TargetAttributes = {
					ABB1EABC1F20503D00772B97 = {
						CreatedOnToolsVersion = 8.3.3;
						ProvisioningStyle = Automatic;
					};
				};
			};
			buildConfigurationList = ABB1EAB81F20503D00772B97 /* Build configuration list for PBXProject "Memo" */;
			compatibilityVersion = "Xcode 3.2";
			developmentRegion = English;
			hasScannedForEncodings = 0;
			knownRegions = (
				en,
				Base,
			);
			mainGroup = ABB1EAB41F20503D00772B97;
			productRefGroup = ABB1EABE1F20503D00772B97 /* Products */;
			projectDirPath = "";
			projectRoot = "";
			targets = (
				ABB1EABC1F20503D00772B97 /* Memo */,
			);
		};
/* End PBXProject section */

/* Begin PBXResourcesBuildPhase section */
		ABB1EABB1F20503D00772B97 /* Resources */ = {
			isa = PBXResourcesBuildPhase;
			buildActionMask = 2147483647;
			files = (
				ABB1EACB1F20503D00772B97 /* LaunchScreen.storyboard in Resources */,
				ABB1EAC81F20503D00772B97 /* Assets.xcassets in Resources */,
				ABB1EAC61F20503D00772B97 /* Main.storyboard in Resources */,
			);
			runOnlyForDeploymentPostprocessing = 0;
		};
/* End PBXResourcesBuildPhase section */

/* Begin PBXShellScriptBuildPhase section */
		C2058B2100997056333454C0 /* [CP] Copy Pods Resources */ = {
			isa = PBXShellScriptBuildPhase;
			buildActionMask = 2147483647;
			files = (
			);
			inputPaths = (
			);
			name = "[CP] Copy Pods Resources";
			outputPaths = (
			);
			runOnlyForDeploymentPostprocessing = 0;
			shellPath = /bin/sh;
			shellScript = "\"${SRCROOT}/Pods/Target Support Files/Pods-Memo/Pods-Memo-resources.sh\"\n";
			showEnvVarsInLog = 0;
		};
		D650383E1F8E1AA9E8502561 /* [CP] Check Pods Manifest.lock */ = {
			isa = PBXShellScriptBuildPhase;
			buildActionMask = 2147483647;
			files = (
			);
			inputPaths = (
			);
			name = "[CP] Check Pods Manifest.lock";
			outputPaths = (
			);
			runOnlyForDeploymentPostprocessing = 0;
			shellPath = /bin/sh;
			shellScript = "diff \"${PODS_PODFILE_DIR_PATH}/Podfile.lock\" \"${PODS_ROOT}/Manifest.lock\" > /dev/null\nif [ $? != 0 ] ; then\n    # print error to STDERR\n    echo \"error: The sandbox is not in sync with the Podfile.lock. Run 'pod install' or update your CocoaPods installation.\" >&2\n    exit 1\nfi\n";
			showEnvVarsInLog = 0;
		};
		E003211274C1FFE63A268A2C /* [CP] Embed Pods Frameworks */ = {
			isa = PBXShellScriptBuildPhase;
			buildActionMask = 2147483647;
			files = (
			);
			inputPaths = (
			);
			name = "[CP] Embed Pods Frameworks";
			outputPaths = (
			);
			runOnlyForDeploymentPostprocessing = 0;
			shellPath = /bin/sh;
			shellScript = "\"${SRCROOT}/Pods/Target Support Files/Pods-Memo/Pods-Memo-frameworks.sh\"\n";
			showEnvVarsInLog = 0;
		};
/* End PBXShellScriptBuildPhase section */

/* Begin PBXSourcesBuildPhase section */
		ABB1EAB91F20503D00772B97 /* Sources */ = {
			isa = PBXSourcesBuildPhase;
			buildActionMask = 2147483647;
			files = (
				ABB1EAD31F20528300772B97 /* AddMemoViewController.swift in Sources */,
				ABB1EAD71F2075DC00772B97 /* KeyManager.swift in Sources */,
				ABB1EAC31F20503D00772B97 /* ViewController.swift in Sources */,
				ABB1EAC11F20503D00772B97 /* AppDelegate.swift in Sources */,
				ABB1EAD51F20537600772B97 /* DetailViewController.swift in Sources */,
			);
			runOnlyForDeploymentPostprocessing = 0;
		};
/* End PBXSourcesBuildPhase section */

/* Begin PBXVariantGroup section */
		ABB1EAC41F20503D00772B97 /* Main.storyboard */ = {
			isa = PBXVariantGroup;
			children = (
				ABB1EAC51F20503D00772B97 /* Base */,
			);
			name = Main.storyboard;
			sourceTree = "<group>";
		};
		ABB1EAC91F20503D00772B97 /* LaunchScreen.storyboard */ = {
			isa = PBXVariantGroup;
			children = (
				ABB1EACA1F20503D00772B97 /* Base */,
			);
			name = LaunchScreen.storyboard;
			sourceTree = "<group>";
		};
/* End PBXVariantGroup section */

/* Begin XCBuildConfiguration section */
		ABB1EACD1F20503D00772B97 /* Debug */ = {
			isa = XCBuildConfiguration;
			buildSettings = {
				ALWAYS_SEARCH_USER_PATHS = NO;
				CLANG_ANALYZER_NONNULL = YES;
				CLANG_ANALYZER_NUMBER_OBJECT_CONVERSION = YES_AGGRESSIVE;
				CLANG_CXX_LANGUAGE_STANDARD = "gnu++0x";
				CLANG_CXX_LIBRARY = "libc++";
				CLANG_ENABLE_MODULES = YES;
				CLANG_ENABLE_OBJC_ARC = YES;
				CLANG_WARN_BOOL_CONVERSION = YES;
				CLANG_WARN_CONSTANT_CONVERSION = YES;
				CLANG_WARN_DIRECT_OBJC_ISA_USAGE = YES_ERROR;
				CLANG_WARN_DOCUMENTATION_COMMENTS = YES;
				CLANG_WARN_EMPTY_BODY = YES;
				CLANG_WARN_ENUM_CONVERSION = YES;
				CLANG_WARN_INFINITE_RECURSION = YES;
				CLANG_WARN_INT_CONVERSION = YES;
				CLANG_WARN_OBJC_ROOT_CLASS = YES_ERROR;
				CLANG_WARN_SUSPICIOUS_MOVE = YES;
				CLANG_WARN_UNREACHABLE_CODE = YES;
				CLANG_WARN__DUPLICATE_METHOD_MATCH = YES;
				"CODE_SIGN_IDENTITY[sdk=iphoneos*]" = "iPhone Developer";
				COPY_PHASE_STRIP = NO;
				DEBUG_INFORMATION_FORMAT = dwarf;
				ENABLE_STRICT_OBJC_MSGSEND = YES;
				ENABLE_TESTABILITY = YES;
				GCC_C_LANGUAGE_STANDARD = gnu99;
				GCC_DYNAMIC_NO_PIC = NO;
				GCC_NO_COMMON_BLOCKS = YES;
				GCC_OPTIMIZATION_LEVEL = 0;
				GCC_PREPROCESSOR_DEFINITIONS = (
					"DEBUG=1",
					"$(inherited)",
				);
				GCC_WARN_64_TO_32_BIT_CONVERSION = YES;
				GCC_WARN_ABOUT_RETURN_TYPE = YES_ERROR;
				GCC_WARN_UNDECLARED_SELECTOR = YES;
				GCC_WARN_UNINITIALIZED_AUTOS = YES_AGGRESSIVE;
				GCC_WARN_UNUSED_FUNCTION = YES;
				GCC_WARN_UNUSED_VARIABLE = YES;
				IPHONEOS_DEPLOYMENT_TARGET = 10.3;
				MTL_ENABLE_DEBUG_INFO = YES;
				ONLY_ACTIVE_ARCH = YES;
				SDKROOT = iphoneos;
				SWIFT_ACTIVE_COMPILATION_CONDITIONS = DEBUG;
				SWIFT_OPTIMIZATION_LEVEL = "-Onone";
			};
			name = Debug;
		};
		ABB1EACE1F20503D00772B97 /* Release */ = {
			isa = XCBuildConfiguration;
			buildSettings = {
				ALWAYS_SEARCH_USER_PATHS = NO;
				CLANG_ANALYZER_NONNULL = YES;
				CLANG_ANALYZER_NUMBER_OBJECT_CONVERSION = YES_AGGRESSIVE;
				CLANG_CXX_LANGUAGE_STANDARD = "gnu++0x";
				CLANG_CXX_LIBRARY = "libc++";
				CLANG_ENABLE_MODULES = YES;
				CLANG_ENABLE_OBJC_ARC = YES;
				CLANG_WARN_BOOL_CONVERSION = YES;
				CLANG_WARN_CONSTANT_CONVERSION = YES;
				CLANG_WARN_DIRECT_OBJC_ISA_USAGE = YES_ERROR;
				CLANG_WARN_DOCUMENTATION_COMMENTS = YES;
				CLANG_WARN_EMPTY_BODY = YES;
				CLANG_WARN_ENUM_CONVERSION = YES;
				CLANG_WARN_INFINITE_RECURSION = YES;
				CLANG_WARN_INT_CONVERSION = YES;
				CLANG_WARN_OBJC_ROOT_CLASS = YES_ERROR;
				CLANG_WARN_SUSPICIOUS_MOVE = YES;
				CLANG_WARN_UNREACHABLE_CODE = YES;
				CLANG_WARN__DUPLICATE_METHOD_MATCH = YES;
				"CODE_SIGN_IDENTITY[sdk=iphoneos*]" = "iPhone Developer";
				COPY_PHASE_STRIP = NO;
				DEBUG_INFORMATION_FORMAT = "dwarf-with-dsym";
				ENABLE_NS_ASSERTIONS = NO;
				ENABLE_STRICT_OBJC_MSGSEND = YES;
				GCC_C_LANGUAGE_STANDARD = gnu99;
				GCC_NO_COMMON_BLOCKS = YES;
				GCC_WARN_64_TO_32_BIT_CONVERSION = YES;
				GCC_WARN_ABOUT_RETURN_TYPE = YES_ERROR;
				GCC_WARN_UNDECLARED_SELECTOR = YES;
				GCC_WARN_UNINITIALIZED_AUTOS = YES_AGGRESSIVE;
				GCC_WARN_UNUSED_FUNCTION = YES;
				GCC_WARN_UNUSED_VARIABLE = YES;
				IPHONEOS_DEPLOYMENT_TARGET = 10.3;
				MTL_ENABLE_DEBUG_INFO = NO;
				SDKROOT = iphoneos;
				SWIFT_OPTIMIZATION_LEVEL = "-Owholemodule";
				VALIDATE_PRODUCT = YES;
			};
			name = Release;
		};
		ABB1EAD01F20503D00772B97 /* Debug */ = {
			isa = XCBuildConfiguration;
			baseConfigurationReference = 278143BC09F5CA4B056781FC /* Pods-Memo.debug.xcconfig */;
			buildSettings = {
				ASSETCATALOG_COMPILER_APPICON_NAME = AppIcon;
				INFOPLIST_FILE = Memo/Info.plist;
				LD_RUNPATH_SEARCH_PATHS = "$(inherited) @executable_path/Frameworks";
				PRODUCT_BUNDLE_IDENTIFIER = koga.net.Memo;
				PRODUCT_NAME = "$(TARGET_NAME)";
				SWIFT_VERSION = 3.0;
			};
			name = Debug;
		};
		ABB1EAD11F20503D00772B97 /* Release */ = {
			isa = XCBuildConfiguration;
			baseConfigurationReference = E5843477DEAB20E8183E5211 /* Pods-Memo.release.xcconfig */;
			buildSettings = {
				ASSETCATALOG_COMPILER_APPICON_NAME = AppIcon;
				INFOPLIST_FILE = Memo/Info.plist;
				LD_RUNPATH_SEARCH_PATHS = "$(inherited) @executable_path/Frameworks";
				PRODUCT_BUNDLE_IDENTIFIER = koga.net.Memo;
				PRODUCT_NAME = "$(TARGET_NAME)";
				SWIFT_VERSION = 3.0;
			};
			name = Release;
		};
/* End XCBuildConfiguration section */

/* Begin XCConfigurationList section */
		ABB1EAB81F20503D00772B97 /* Build configuration list for PBXProject "Memo" */ = {
			isa = XCConfigurationList;
			buildConfigurations = (
				ABB1EACD1F20503D00772B97 /* Debug */,
				ABB1EACE1F20503D00772B97 /* Release */,
			);
			defaultConfigurationIsVisible = 0;
			defaultConfigurationName = Release;
		};
		ABB1EACF1F20503D00772B97 /* Build configuration list for PBXNativeTarget "Memo" */ = {
			isa = XCConfigurationList;
			buildConfigurations = (
				ABB1EAD01F20503D00772B97 /* Debug */,
				ABB1EAD11F20503D00772B97 /* Release */,
			);
			defaultConfigurationIsVisible = 0;
		};
/* End XCConfigurationList section */
	};
	rootObject = ABB1EAB51F20503D00772B97 /* Project object */;
}
